{
  "name": "@linked.cm/live-sessions",
  "version": "0.1.0",
  "lockfileVersion": 3,
  "requires": true,
  "packages": {
    "": {
      "name": "@linked.cm/live-sessions",
      "version": "0.1.0",
      "license": "ISC",
      "dependencies": {
        "@_linked/core": "^2.22.2"
      },
      "devDependencies": {
        "typescript": "5.9.2"
      }
    },
    "node_modules/@_linked/core": {
      "version": "2.22.2",
      "resolved": "https://registry.npmjs.org/@_linked/core/-/core-2.22.2.tgz",
      "integrity": "sha512-hWdOrma5MEzppXgNHh+s2/tFgn/FV62YEwke6SKlOOvTbn9y6kXetYbBbqXX6FpSfbb0yYakQ/PocJG3bXq1RA==",
      "license": "MIT",
      "dependencies": {
        "ulid": "^3.0.2"
      }
    },
    "node_modules/typescript": {
      "version": "5.9.2",
      "resolved": "https://registry.npmjs.org/typescript/-/typescript-5.9.2.tgz",
      "integrity": "sha512-CWBzXQrc/qOkhidw1OzBTQuYRbfyxDXJMVJ1XNwUHGROVmuaeiEm3OslpZ1RV96d7SKKjZKrSJu3+t/xlw3R9A==",
      "dev": true,
      "license": "Apache-2.0",
      "bin": {
        "tsc": "bin/tsc",
        "tsserver": "bin/tsserver"
      },
      "engines": {
        "node": ">=14.17"
      }
    },
    "node_modules/ulid": {
      "version": "3.0.2",
      "resolved": "https://registry.npmjs.org/ulid/-/ulid-3.0.2.tgz",
      "integrity": "sha512-yu26mwteFYzBAot7KVMqFGCVpsF6g8wXfJzQUHvu1no3+rRRSFcSV2nKeYvNPLD2J4b08jYBDhHUjeH0ygIl9w==",
      "license": "MIT",
      "bin": {
        "ulid": "dist/cli.js"
      }
    }
  }
}
